// !$*UTF8*$!
{
	archiveVersion = 1;
	classes = {
	};
	objectVersion = 50;
	objects = {

/* Begin PBXBuildFile section */
		724BAE11241C5D97A8375348 /* Pods_AarambhPlus.framework in Frameworks */ = {isa = PBXBuildFile; fileRef = D5CCDDCFA435B20EF5C986D9 /* Pods_AarambhPlus.framework */; };
		E8109774213FFDA00059913B /* UILabelExtension.swift in Sources */ = {isa = PBXBuildFile; fileRef = E8109773213FFDA00059913B /* UILabelExtension.swift */; };
		E8109776213FFE0D0059913B /* StringExtension.swift in Sources */ = {isa = PBXBuildFile; fileRef = E8109775213FFE0D0059913B /* StringExtension.swift */; };
		E89A72F2213FB2D200BAD081 /* AppDelegate.swift in Sources */ = {isa = PBXBuildFile; fileRef = E89A72F1213FB2D200BAD081 /* AppDelegate.swift */; };
		E89A72F7213FB2D200BAD081 /* Main.storyboard in Resources */ = {isa = PBXBuildFile; fileRef = E89A72F5213FB2D200BAD081 /* Main.storyboard */; };
		E89A72F9213FB2D500BAD081 /* Assets.xcassets in Resources */ = {isa = PBXBuildFile; fileRef = E89A72F8213FB2D500BAD081 /* Assets.xcassets */; };
		E89A72FC213FB2D500BAD081 /* LaunchScreen.storyboard in Resources */ = {isa = PBXBuildFile; fileRef = E89A72FA213FB2D500BAD081 /* LaunchScreen.storyboard */; };
		E89A7307213FB2D500BAD081 /* AarambhPlusTests.swift in Sources */ = {isa = PBXBuildFile; fileRef = E89A7306213FB2D500BAD081 /* AarambhPlusTests.swift */; };
		E89A7312213FB2D500BAD081 /* AarambhPlusUITests.swift in Sources */ = {isa = PBXBuildFile; fileRef = E89A7311213FB2D500BAD081 /* AarambhPlusUITests.swift */; };
		E89A7327213FB51300BAD081 /* BaseViewController.swift in Sources */ = {isa = PBXBuildFile; fileRef = E89A7326213FB51300BAD081 /* BaseViewController.swift */; };
		E89A732D213FB97600BAD081 /* APNavigationController.swift in Sources */ = {isa = PBXBuildFile; fileRef = E89A732C213FB97600BAD081 /* APNavigationController.swift */; };
		E89A732F213FC28300BAD081 /* LaunchViewController.swift in Sources */ = {isa = PBXBuildFile; fileRef = E89A732E213FC28300BAD081 /* LaunchViewController.swift */; };
		E89A7331213FC37F00BAD081 /* Constant.swift in Sources */ = {isa = PBXBuildFile; fileRef = E89A7330213FC37F00BAD081 /* Constant.swift */; };
		E89A7333213FC6AD00BAD081 /* TabBarController.swift in Sources */ = {isa = PBXBuildFile; fileRef = E89A7332213FC6AD00BAD081 /* TabBarController.swift */; };
		E89A7336213FD7F700BAD081 /* HomeScreen.storyboard in Resources */ = {isa = PBXBuildFile; fileRef = E89A7335213FD7F700BAD081 /* HomeScreen.storyboard */; };
		E89A7338213FDB6900BAD081 /* HomeScreenController.swift in Sources */ = {isa = PBXBuildFile; fileRef = E89A7337213FDB6900BAD081 /* HomeScreenController.swift */; };
		E89A733A213FF47500BAD081 /* CustomLoader.swift in Sources */ = {isa = PBXBuildFile; fileRef = E89A7339213FF47500BAD081 /* CustomLoader.swift */; };
		E89B1C65214006A4002823D6 /* UIColorExtension.swift in Sources */ = {isa = PBXBuildFile; fileRef = E89B1C64214006A4002823D6 /* UIColorExtension.swift */; };
		E89B1C6721400A85002823D6 /* HamburgerAnimation.swift in Sources */ = {isa = PBXBuildFile; fileRef = E89B1C6621400A85002823D6 /* HamburgerAnimation.swift */; };
		E8F5056A2141224100FEF0C0 /* HamburgerMenuController.swift in Sources */ = {isa = PBXBuildFile; fileRef = E8F505692141224100FEF0C0 /* HamburgerMenuController.swift */; };
		E8F5056C2141255C00FEF0C0 /* HamburgerMenu.storyboard in Resources */ = {isa = PBXBuildFile; fileRef = E8F5056B2141255C00FEF0C0 /* HamburgerMenu.storyboard */; };
/* End PBXBuildFile section */

/* Begin PBXContainerItemProxy section */
		E89A7303213FB2D500BAD081 /* PBXContainerItemProxy */ = {
			isa = PBXContainerItemProxy;
			containerPortal = E89A72E6213FB2D200BAD081 /* Project object */;
			proxyType = 1;
			remoteGlobalIDString = E89A72ED213FB2D200BAD081;
			remoteInfo = AarambhPlus;
		};
		E89A730E213FB2D500BAD081 /* PBXContainerItemProxy */ = {
			isa = PBXContainerItemProxy;
			containerPortal = E89A72E6213FB2D200BAD081 /* Project object */;
			proxyType = 1;
			remoteGlobalIDString = E89A72ED213FB2D200BAD081;
			remoteInfo = AarambhPlus;
		};
/* End PBXContainerItemProxy section */

/* Begin PBXFileReference section */
		88CD0D0E617EDDD6658C2824 /* Pods-AarambhPlus.release.xcconfig */ = {isa = PBXFileReference; includeInIndex = 1; lastKnownFileType = text.xcconfig; name = "Pods-AarambhPlus.release.xcconfig"; path = "Pods/Target Support Files/Pods-AarambhPlus/Pods-AarambhPlus.release.xcconfig"; sourceTree = "<group>"; };
		BC0C54DCDD5AE4EEBC63AB30 /* Pods-AarambhPlus.debug.xcconfig */ = {isa = PBXFileReference; includeInIndex = 1; lastKnownFileType = text.xcconfig; name = "Pods-AarambhPlus.debug.xcconfig"; path = "Pods/Target Support Files/Pods-AarambhPlus/Pods-AarambhPlus.debug.xcconfig"; sourceTree = "<group>"; };
		D5CCDDCFA435B20EF5C986D9 /* Pods_AarambhPlus.framework */ = {isa = PBXFileReference; explicitFileType = wrapper.framework; includeInIndex = 0; path = Pods_AarambhPlus.framework; sourceTree = BUILT_PRODUCTS_DIR; };
		E810976F213FFB320059913B /* FadeTransition.swift */ = {isa = PBXFileReference; lastKnownFileType = sourcecode.swift; path = FadeTransition.swift; sourceTree = "<group>"; };
		E8109773213FFDA00059913B /* UILabelExtension.swift */ = {isa = PBXFileReference; lastKnownFileType = sourcecode.swift; path = UILabelExtension.swift; sourceTree = "<group>"; };
		E8109775213FFE0D0059913B /* StringExtension.swift */ = {isa = PBXFileReference; lastKnownFileType = sourcecode.swift; path = StringExtension.swift; sourceTree = "<group>"; };
		E89A72EE213FB2D200BAD081 /* AarambhPlus.app */ = {isa = PBXFileReference; explicitFileType = wrapper.application; includeInIndex = 0; path = AarambhPlus.app; sourceTree = BUILT_PRODUCTS_DIR; };
		E89A72F1213FB2D200BAD081 /* AppDelegate.swift */ = {isa = PBXFileReference; lastKnownFileType = sourcecode.swift; path = AppDelegate.swift; sourceTree = "<group>"; };
		E89A72F6213FB2D200BAD081 /* Base */ = {isa = PBXFileReference; lastKnownFileType = file.storyboard; name = Base; path = Base.lproj/Main.storyboard; sourceTree = "<group>"; };
		E89A72F8213FB2D500BAD081 /* Assets.xcassets */ = {isa = PBXFileReference; lastKnownFileType = folder.assetcatalog; path = Assets.xcassets; sourceTree = "<group>"; };
		E89A72FB213FB2D500BAD081 /* Base */ = {isa = PBXFileReference; lastKnownFileType = file.storyboard; name = Base; path = Base.lproj/LaunchScreen.storyboard; sourceTree = "<group>"; };
		E89A72FD213FB2D500BAD081 /* Info.plist */ = {isa = PBXFileReference; lastKnownFileType = text.plist.xml; path = Info.plist; sourceTree = "<group>"; };
		E89A7302213FB2D500BAD081 /* AarambhPlusTests.xctest */ = {isa = PBXFileReference; explicitFileType = wrapper.cfbundle; includeInIndex = 0; path = AarambhPlusTests.xctest; sourceTree = BUILT_PRODUCTS_DIR; };
		E89A7306213FB2D500BAD081 /* AarambhPlusTests.swift */ = {isa = PBXFileReference; lastKnownFileType = sourcecode.swift; path = AarambhPlusTests.swift; sourceTree = "<group>"; };
		E89A7308213FB2D500BAD081 /* Info.plist */ = {isa = PBXFileReference; lastKnownFileType = text.plist.xml; path = Info.plist; sourceTree = "<group>"; };
		E89A730D213FB2D500BAD081 /* AarambhPlusUITests.xctest */ = {isa = PBXFileReference; explicitFileType = wrapper.cfbundle; includeInIndex = 0; path = AarambhPlusUITests.xctest; sourceTree = BUILT_PRODUCTS_DIR; };
		E89A7311213FB2D500BAD081 /* AarambhPlusUITests.swift */ = {isa = PBXFileReference; lastKnownFileType = sourcecode.swift; path = AarambhPlusUITests.swift; sourceTree = "<group>"; };
		E89A7313213FB2D500BAD081 /* Info.plist */ = {isa = PBXFileReference; lastKnownFileType = text.plist.xml; path = Info.plist; sourceTree = "<group>"; };
		E89A7326213FB51300BAD081 /* BaseViewController.swift */ = {isa = PBXFileReference; fileEncoding = 4; lastKnownFileType = sourcecode.swift; path = BaseViewController.swift; sourceTree = "<group>"; };
		E89A732C213FB97600BAD081 /* APNavigationController.swift */ = {isa = PBXFileReference; lastKnownFileType = sourcecode.swift; path = APNavigationController.swift; sourceTree = "<group>"; };
		E89A732E213FC28300BAD081 /* LaunchViewController.swift */ = {isa = PBXFileReference; lastKnownFileType = sourcecode.swift; path = LaunchViewController.swift; sourceTree = "<group>"; };
		E89A7330213FC37F00BAD081 /* Constant.swift */ = {isa = PBXFileReference; lastKnownFileType = sourcecode.swift; path = Constant.swift; sourceTree = "<group>"; };
		E89A7332213FC6AD00BAD081 /* TabBarController.swift */ = {isa = PBXFileReference; lastKnownFileType = sourcecode.swift; path = TabBarController.swift; sourceTree = "<group>"; };
		E89A7335213FD7F700BAD081 /* HomeScreen.storyboard */ = {isa = PBXFileReference; lastKnownFileType = file.storyboard; path = HomeScreen.storyboard; sourceTree = "<group>"; };
		E89A7337213FDB6900BAD081 /* HomeScreenController.swift */ = {isa = PBXFileReference; lastKnownFileType = sourcecode.swift; path = HomeScreenController.swift; sourceTree = "<group>"; };
		E89A7339213FF47500BAD081 /* CustomLoader.swift */ = {isa = PBXFileReference; lastKnownFileType = sourcecode.swift; path = CustomLoader.swift; sourceTree = "<group>"; };
		E89B1C64214006A4002823D6 /* UIColorExtension.swift */ = {isa = PBXFileReference; lastKnownFileType = sourcecode.swift; path = UIColorExtension.swift; sourceTree = "<group>"; };
		E89B1C6621400A85002823D6 /* HamburgerAnimation.swift */ = {isa = PBXFileReference; lastKnownFileType = sourcecode.swift; path = HamburgerAnimation.swift; sourceTree = "<group>"; };
		E8F505692141224100FEF0C0 /* HamburgerMenuController.swift */ = {isa = PBXFileReference; lastKnownFileType = sourcecode.swift; path = HamburgerMenuController.swift; sourceTree = "<group>"; };
		E8F5056B2141255C00FEF0C0 /* HamburgerMenu.storyboard */ = {isa = PBXFileReference; lastKnownFileType = file.storyboard; path = HamburgerMenu.storyboard; sourceTree = "<group>"; };
/* End PBXFileReference section */

/* Begin PBXFrameworksBuildPhase section */
		E89A72EB213FB2D200BAD081 /* Frameworks */ = {
			isa = PBXFrameworksBuildPhase;
			buildActionMask = 2147483647;
			files = (
				724BAE11241C5D97A8375348 /* Pods_AarambhPlus.framework in Frameworks */,
			);
			runOnlyForDeploymentPostprocessing = 0;
		};
		E89A72FF213FB2D500BAD081 /* Frameworks */ = {
			isa = PBXFrameworksBuildPhase;
			buildActionMask = 2147483647;
			files = (
			);
			runOnlyForDeploymentPostprocessing = 0;
		};
		E89A730A213FB2D500BAD081 /* Frameworks */ = {
			isa = PBXFrameworksBuildPhase;
			buildActionMask = 2147483647;
			files = (
			);
			runOnlyForDeploymentPostprocessing = 0;
		};
/* End PBXFrameworksBuildPhase section */

/* Begin PBXGroup section */
		2FA743A79287972A5BDA477E /* Pods */ = {
			isa = PBXGroup;
			children = (
				BC0C54DCDD5AE4EEBC63AB30 /* Pods-AarambhPlus.debug.xcconfig */,
				88CD0D0E617EDDD6658C2824 /* Pods-AarambhPlus.release.xcconfig */,
			);
			name = Pods;
			sourceTree = "<group>";
		};
		AC32BB3C5AC40EF5224D9FF8 /* Frameworks */ = {
			isa = PBXGroup;
			children = (
				D5CCDDCFA435B20EF5C986D9 /* Pods_AarambhPlus.framework */,
			);
			name = Frameworks;
			sourceTree = "<group>";
		};
		E8109772213FFD560059913B /* Extensions */ = {
			isa = PBXGroup;
			children = (
				E8109773213FFDA00059913B /* UILabelExtension.swift */,
				E8109775213FFE0D0059913B /* StringExtension.swift */,
				E89B1C64214006A4002823D6 /* UIColorExtension.swift */,
			);
			path = Extensions;
			sourceTree = "<group>";
		};
		E89A72E5213FB2D200BAD081 = {
			isa = PBXGroup;
			children = (
				E89A72F0213FB2D200BAD081 /* AarambhPlus */,
				E89A7305213FB2D500BAD081 /* AarambhPlusTests */,
				E89A7310213FB2D500BAD081 /* AarambhPlusUITests */,
				E89A72EF213FB2D200BAD081 /* Products */,
				2FA743A79287972A5BDA477E /* Pods */,
				AC32BB3C5AC40EF5224D9FF8 /* Frameworks */,
			);
			sourceTree = "<group>";
		};
		E89A72EF213FB2D200BAD081 /* Products */ = {
			isa = PBXGroup;
			children = (
				E89A72EE213FB2D200BAD081 /* AarambhPlus.app */,
				E89A7302213FB2D500BAD081 /* AarambhPlusTests.xctest */,
				E89A730D213FB2D500BAD081 /* AarambhPlusUITests.xctest */,
			);
			name = Products;
			sourceTree = "<group>";
		};
		E89A72F0213FB2D200BAD081 /* AarambhPlus */ = {
			isa = PBXGroup;
			children = (
				E89A731F213FB33E00BAD081 /* Classes */,
				E89A72F1213FB2D200BAD081 /* AppDelegate.swift */,
				E89A72F5213FB2D200BAD081 /* Main.storyboard */,
				E89A72F8213FB2D500BAD081 /* Assets.xcassets */,
				E89A72FA213FB2D500BAD081 /* LaunchScreen.storyboard */,
				E89A72FD213FB2D500BAD081 /* Info.plist */,
			);
			path = AarambhPlus;
			sourceTree = "<group>";
		};
		E89A7305213FB2D500BAD081 /* AarambhPlusTests */ = {
			isa = PBXGroup;
			children = (
				E89A7306213FB2D500BAD081 /* AarambhPlusTests.swift */,
				E89A7308213FB2D500BAD081 /* Info.plist */,
			);
			path = AarambhPlusTests;
			sourceTree = "<group>";
		};
		E89A7310213FB2D500BAD081 /* AarambhPlusUITests */ = {
			isa = PBXGroup;
			children = (
				E89A7311213FB2D500BAD081 /* AarambhPlusUITests.swift */,
				E89A7313213FB2D500BAD081 /* Info.plist */,
			);
			path = AarambhPlusUITests;
			sourceTree = "<group>";
		};
		E89A731F213FB33E00BAD081 /* Classes */ = {
			isa = PBXGroup;
			children = (
				E8F5056F214130D200FEF0C0 /* Models */,
				E8F50570214130D200FEF0C0 /* Views */,
				E89A7320213FB33E00BAD081 /* Controllers */,
				E89A7322213FB33E00BAD081 /* Utilities */,
			);
			path = Classes;
			sourceTree = "<group>";
		};
		E89A7320213FB33E00BAD081 /* Controllers */ = {
			isa = PBXGroup;
			children = (
				E89A7334213FD7E700BAD081 /* HomeScreen */,
				E89A7326213FB51300BAD081 /* BaseViewController.swift */,
			);
			path = Controllers;
			sourceTree = "<group>";
		};
		E89A7322213FB33E00BAD081 /* Utilities */ = {
			isa = PBXGroup;
			children = (
				E8109772213FFD560059913B /* Extensions */,
				E89A732B213FB8F200BAD081 /* App Setups */,
				E89A732A213FB8F200BAD081 /* Reusables */,
			);
			path = Utilities;
			sourceTree = "<group>";
		};
		E89A732A213FB8F200BAD081 /* Reusables */ = {
			isa = PBXGroup;
			children = (
				E89A7339213FF47500BAD081 /* CustomLoader.swift */,
				E810976F213FFB320059913B /* FadeTransition.swift */,
				E89B1C6621400A85002823D6 /* HamburgerAnimation.swift */,
				E8F505692141224100FEF0C0 /* HamburgerMenuController.swift */,
				E8F5056B2141255C00FEF0C0 /* HamburgerMenu.storyboard */,
			);
			path = Reusables;
			sourceTree = "<group>";
		};
		E89A732B213FB8F200BAD081 /* App Setups */ = {
			isa = PBXGroup;
			children = (
				E89A732C213FB97600BAD081 /* APNavigationController.swift */,
				E89A732E213FC28300BAD081 /* LaunchViewController.swift */,
				E89A7330213FC37F00BAD081 /* Constant.swift */,
				E89A7332213FC6AD00BAD081 /* TabBarController.swift */,
			);
			path = "App Setups";
			sourceTree = "<group>";
		};
		E89A7334213FD7E700BAD081 /* HomeScreen */ = {
			isa = PBXGroup;
			children = (
				E89A7335213FD7F700BAD081 /* HomeScreen.storyboard */,
				E89A7337213FDB6900BAD081 /* HomeScreenController.swift */,
			);
			path = HomeScreen;
			sourceTree = "<group>";
		};
		E8F5056F214130D200FEF0C0 /* Models */ = {
			isa = PBXGroup;
			children = (
			);
			path = Models;
			sourceTree = "<group>";
		};
		E8F50570214130D200FEF0C0 /* Views */ = {
			isa = PBXGroup;
			children = (
			);
			path = Views;
			sourceTree = "<group>";
		};
/* End PBXGroup section */

/* Begin PBXNativeTarget section */
		E89A72ED213FB2D200BAD081 /* AarambhPlus */ = {
			isa = PBXNativeTarget;
			buildConfigurationList = E89A7316213FB2D500BAD081 /* Build configuration list for PBXNativeTarget "AarambhPlus" */;
			buildPhases = (
				DC10DED9DBD7E28470DBA467 /* [CP] Check Pods Manifest.lock */,
				E89A72EA213FB2D200BAD081 /* Sources */,
				E89A72EB213FB2D200BAD081 /* Frameworks */,
				E89A72EC213FB2D200BAD081 /* Resources */,
				1A13D85B056E53A03F9726AC /* [CP] Embed Pods Frameworks */,
			);
			buildRules = (
			);
			dependencies = (
			);
			name = AarambhPlus;
			productName = AarambhPlus;
			productReference = E89A72EE213FB2D200BAD081 /* AarambhPlus.app */;
			productType = "com.apple.product-type.application";
		};
		E89A7301213FB2D500BAD081 /* AarambhPlusTests */ = {
			isa = PBXNativeTarget;
			buildConfigurationList = E89A7319213FB2D500BAD081 /* Build configuration list for PBXNativeTarget "AarambhPlusTests" */;
			buildPhases = (
				E89A72FE213FB2D500BAD081 /* Sources */,
				E89A72FF213FB2D500BAD081 /* Frameworks */,
				E89A7300213FB2D500BAD081 /* Resources */,
			);
			buildRules = (
			);
			dependencies = (
				E89A7304213FB2D500BAD081 /* PBXTargetDependency */,
			);
			name = AarambhPlusTests;
			productName = AarambhPlusTests;
			productReference = E89A7302213FB2D500BAD081 /* AarambhPlusTests.xctest */;
			productType = "com.apple.product-type.bundle.unit-test";
		};
		E89A730C213FB2D500BAD081 /* AarambhPlusUITests */ = {
			isa = PBXNativeTarget;
			buildConfigurationList = E89A731C213FB2D500BAD081 /* Build configuration list for PBXNativeTarget "AarambhPlusUITests" */;
			buildPhases = (
				E89A7309213FB2D500BAD081 /* Sources */,
				E89A730A213FB2D500BAD081 /* Frameworks */,
				E89A730B213FB2D500BAD081 /* Resources */,
			);
			buildRules = (
			);
			dependencies = (
				E89A730F213FB2D500BAD081 /* PBXTargetDependency */,
			);
			name = AarambhPlusUITests;
			productName = AarambhPlusUITests;
			productReference = E89A730D213FB2D500BAD081 /* AarambhPlusUITests.xctest */;
			productType = "com.apple.product-type.bundle.ui-testing";
		};
/* End PBXNativeTarget section */

/* Begin PBXProject section */
		E89A72E6213FB2D200BAD081 /* Project object */ = {
			isa = PBXProject;
			attributes = {
				LastSwiftUpdateCheck = 0940;
				LastUpgradeCheck = 0940;
				ORGANIZATIONNAME = "Santosh Dev";
				TargetAttributes = {
					E89A72ED213FB2D200BAD081 = {
						CreatedOnToolsVersion = 9.4;
					};
					E89A7301213FB2D500BAD081 = {
						CreatedOnToolsVersion = 9.4;
						TestTargetID = E89A72ED213FB2D200BAD081;
					};
					E89A730C213FB2D500BAD081 = {
						CreatedOnToolsVersion = 9.4;
						TestTargetID = E89A72ED213FB2D200BAD081;
					};
				};
			};
			buildConfigurationList = E89A72E9213FB2D200BAD081 /* Build configuration list for PBXProject "AarambhPlus" */;
			compatibilityVersion = "Xcode 9.3";
			developmentRegion = en;
			hasScannedForEncodings = 0;
			knownRegions = (
				en,
				Base,
			);
			mainGroup = E89A72E5213FB2D200BAD081;
			productRefGroup = E89A72EF213FB2D200BAD081 /* Products */;
			projectDirPath = "";
			projectRoot = "";
			targets = (
				E89A72ED213FB2D200BAD081 /* AarambhPlus */,
				E89A7301213FB2D500BAD081 /* AarambhPlusTests */,
				E89A730C213FB2D500BAD081 /* AarambhPlusUITests */,
			);
		};
/* End PBXProject section */

/* Begin PBXResourcesBuildPhase section */
		E89A72EC213FB2D200BAD081 /* Resources */ = {
			isa = PBXResourcesBuildPhase;
			buildActionMask = 2147483647;
			files = (
				E89A72FC213FB2D500BAD081 /* LaunchScreen.storyboard in Resources */,
				E89A7336213FD7F700BAD081 /* HomeScreen.storyboard in Resources */,
				E89A72F9213FB2D500BAD081 /* Assets.xcassets in Resources */,
				E89A72F7213FB2D200BAD081 /* Main.storyboard in Resources */,
				E8F5056C2141255C00FEF0C0 /* HamburgerMenu.storyboard in Resources */,
			);
			runOnlyForDeploymentPostprocessing = 0;
		};
		E89A7300213FB2D500BAD081 /* Resources */ = {
			isa = PBXResourcesBuildPhase;
			buildActionMask = 2147483647;
			files = (
			);
			runOnlyForDeploymentPostprocessing = 0;
		};
		E89A730B213FB2D500BAD081 /* Resources */ = {
			isa = PBXResourcesBuildPhase;
			buildActionMask = 2147483647;
			files = (
			);
			runOnlyForDeploymentPostprocessing = 0;
		};
/* End PBXResourcesBuildPhase section */

/* Begin PBXShellScriptBuildPhase section */
		1A13D85B056E53A03F9726AC /* [CP] Embed Pods Frameworks */ = {
			isa = PBXShellScriptBuildPhase;
			buildActionMask = 2147483647;
			files = (
			);
			inputPaths = (
				"${SRCROOT}/Pods/Target Support Files/Pods-AarambhPlus/Pods-AarambhPlus-frameworks.sh",
				"${BUILT_PRODUCTS_DIR}/Alamofire/Alamofire.framework",
				"${BUILT_PRODUCTS_DIR}/Kingfisher/Kingfisher.framework",
			);
			name = "[CP] Embed Pods Frameworks";
			outputPaths = (
				"${TARGET_BUILD_DIR}/${FRAMEWORKS_FOLDER_PATH}/Alamofire.framework",
				"${TARGET_BUILD_DIR}/${FRAMEWORKS_FOLDER_PATH}/Kingfisher.framework",
			);
			runOnlyForDeploymentPostprocessing = 0;
			shellPath = /bin/sh;
			shellScript = "\"${SRCROOT}/Pods/Target Support Files/Pods-AarambhPlus/Pods-AarambhPlus-frameworks.sh\"\n";
			showEnvVarsInLog = 0;
		};
		DC10DED9DBD7E28470DBA467 /* [CP] Check Pods Manifest.lock */ = {
			isa = PBXShellScriptBuildPhase;
			buildActionMask = 2147483647;
			files = (
			);
			inputPaths = (
				"${PODS_PODFILE_DIR_PATH}/Podfile.lock",
				"${PODS_ROOT}/Manifest.lock",
			);
			name = "[CP] Check Pods Manifest.lock";
			outputPaths = (
				"$(DERIVED_FILE_DIR)/Pods-AarambhPlus-checkManifestLockResult.txt",
			);
			runOnlyForDeploymentPostprocessing = 0;
			shellPath = /bin/sh;
			shellScript = "diff \"${PODS_PODFILE_DIR_PATH}/Podfile.lock\" \"${PODS_ROOT}/Manifest.lock\" > /dev/null\nif [ $? != 0 ] ; then\n    # print error to STDERR\n    echo \"error: The sandbox is not in sync with the Podfile.lock. Run 'pod install' or update your CocoaPods installation.\" >&2\n    exit 1\nfi\n# This output is used by Xcode 'outputs' to avoid re-running this script phase.\necho \"SUCCESS\" > \"${SCRIPT_OUTPUT_FILE_0}\"\n";
			showEnvVarsInLog = 0;
		};
/* End PBXShellScriptBuildPhase section */

/* Begin PBXSourcesBuildPhase section */
		E89A72EA213FB2D200BAD081 /* Sources */ = {
			isa = PBXSourcesBuildPhase;
			buildActionMask = 2147483647;
			files = (
				E89B1C6721400A85002823D6 /* HamburgerAnimation.swift in Sources */,
				E89A7327213FB51300BAD081 /* BaseViewController.swift in Sources */,
				E8F5056A2141224100FEF0C0 /* HamburgerMenuController.swift in Sources */,
				E89A732D213FB97600BAD081 /* APNavigationController.swift in Sources */,
				E8109776213FFE0D0059913B /* StringExtension.swift in Sources */,
				E89A7338213FDB6900BAD081 /* HomeScreenController.swift in Sources */,
				E89A7331213FC37F00BAD081 /* Constant.swift in Sources */,
				E89A7333213FC6AD00BAD081 /* TabBarController.swift in Sources */,
				E89A72F2213FB2D200BAD081 /* AppDelegate.swift in Sources */,
				E89A733A213FF47500BAD081 /* CustomLoader.swift in Sources */,
				E89B1C65214006A4002823D6 /* UIColorExtension.swift in Sources */,
				E8109774213FFDA00059913B /* UILabelExtension.swift in Sources */,
				E89A732F213FC28300BAD081 /* LaunchViewController.swift in Sources */,
			);
			runOnlyForDeploymentPostprocessing = 0;
		};
		E89A72FE213FB2D500BAD081 /* Sources */ = {
			isa = PBXSourcesBuildPhase;
			buildActionMask = 2147483647;
			files = (
				E89A7307213FB2D500BAD081 /* AarambhPlusTests.swift in Sources */,
			);
			runOnlyForDeploymentPostprocessing = 0;
		};
		E89A7309213FB2D500BAD081 /* Sources */ = {
			isa = PBXSourcesBuildPhase;
			buildActionMask = 2147483647;
			files = (
				E89A7312213FB2D500BAD081 /* AarambhPlusUITests.swift in Sources */,
			);
			runOnlyForDeploymentPostprocessing = 0;
		};
/* End PBXSourcesBuildPhase section */

/* Begin PBXTargetDependency section */
		E89A7304213FB2D500BAD081 /* PBXTargetDependency */ = {
			isa = PBXTargetDependency;
			target = E89A72ED213FB2D200BAD081 /* AarambhPlus */;
			targetProxy = E89A7303213FB2D500BAD081 /* PBXContainerItemProxy */;
		};
		E89A730F213FB2D500BAD081 /* PBXTargetDependency */ = {
			isa = PBXTargetDependency;
			target = E89A72ED213FB2D200BAD081 /* AarambhPlus */;
			targetProxy = E89A730E213FB2D500BAD081 /* PBXContainerItemProxy */;
		};
/* End PBXTargetDependency section */

/* Begin PBXVariantGroup section */
		E89A72F5213FB2D200BAD081 /* Main.storyboard */ = {
			isa = PBXVariantGroup;
			children = (
				E89A72F6213FB2D200BAD081 /* Base */,
			);
			name = Main.storyboard;
			sourceTree = "<group>";
		};
		E89A72FA213FB2D500BAD081 /* LaunchScreen.storyboard */ = {
			isa = PBXVariantGroup;
			children = (
				E89A72FB213FB2D500BAD081 /* Base */,
			);
			name = LaunchScreen.storyboard;
			sourceTree = "<group>";
		};
/* End PBXVariantGroup section */

/* Begin XCBuildConfiguration section */
		E89A7314213FB2D500BAD081 /* Debug */ = {
			isa = XCBuildConfiguration;
			buildSettings = {
				ALWAYS_SEARCH_USER_PATHS = NO;
				CLANG_ANALYZER_NONNULL = YES;
				CLANG_ANALYZER_NUMBER_OBJECT_CONVERSION = YES_AGGRESSIVE;
				CLANG_CXX_LANGUAGE_STANDARD = "gnu++14";
				CLANG_CXX_LIBRARY = "libc++";
				CLANG_ENABLE_MODULES = YES;
				CLANG_ENABLE_OBJC_ARC = YES;
				CLANG_ENABLE_OBJC_WEAK = YES;
				CLANG_WARN_BLOCK_CAPTURE_AUTORELEASING = YES;
				CLANG_WARN_BOOL_CONVERSION = YES;
				CLANG_WARN_COMMA = YES;
				CLANG_WARN_CONSTANT_CONVERSION = YES;
				CLANG_WARN_DEPRECATED_OBJC_IMPLEMENTATIONS = YES;
				CLANG_WARN_DIRECT_OBJC_ISA_USAGE = YES_ERROR;
				CLANG_WARN_DOCUMENTATION_COMMENTS = YES;
				CLANG_WARN_EMPTY_BODY = YES;
				CLANG_WARN_ENUM_CONVERSION = YES;
				CLANG_WARN_INFINITE_RECURSION = YES;
				CLANG_WARN_INT_CONVERSION = YES;
				CLANG_WARN_NON_LITERAL_NULL_CONVERSION = YES;
				CLANG_WARN_OBJC_IMPLICIT_RETAIN_SELF = YES;
				CLANG_WARN_OBJC_LITERAL_CONVERSION = YES;
				CLANG_WARN_OBJC_ROOT_CLASS = YES_ERROR;
				CLANG_WARN_RANGE_LOOP_ANALYSIS = YES;
				CLANG_WARN_STRICT_PROTOTYPES = YES;
				CLANG_WARN_SUSPICIOUS_MOVE = YES;
				CLANG_WARN_UNGUARDED_AVAILABILITY = YES_AGGRESSIVE;
				CLANG_WARN_UNREACHABLE_CODE = YES;
				CLANG_WARN__DUPLICATE_METHOD_MATCH = YES;
				CODE_SIGN_IDENTITY = "iPhone Developer";
				COPY_PHASE_STRIP = NO;
				DEBUG_INFORMATION_FORMAT = dwarf;
				ENABLE_STRICT_OBJC_MSGSEND = YES;
				ENABLE_TESTABILITY = YES;
				GCC_C_LANGUAGE_STANDARD = gnu11;
				GCC_DYNAMIC_NO_PIC = NO;
				GCC_NO_COMMON_BLOCKS = YES;
				GCC_OPTIMIZATION_LEVEL = 0;
				GCC_PREPROCESSOR_DEFINITIONS = (
					"DEBUG=1",
					"$(inherited)",
				);
				GCC_WARN_64_TO_32_BIT_CONVERSION = YES;
				GCC_WARN_ABOUT_RETURN_TYPE = YES_ERROR;
				GCC_WARN_UNDECLARED_SELECTOR = YES;
				GCC_WARN_UNINITIALIZED_AUTOS = YES_AGGRESSIVE;
				GCC_WARN_UNUSED_FUNCTION = YES;
				GCC_WARN_UNUSED_VARIABLE = YES;
				IPHONEOS_DEPLOYMENT_TARGET = 11.4;
				MTL_ENABLE_DEBUG_INFO = YES;
				ONLY_ACTIVE_ARCH = YES;
				SDKROOT = iphoneos;
				SWIFT_ACTIVE_COMPILATION_CONDITIONS = DEBUG;
				SWIFT_OPTIMIZATION_LEVEL = "-Onone";
			};
			name = Debug;
		};
		E89A7315213FB2D500BAD081 /* Release */ = {
			isa = XCBuildConfiguration;
			buildSettings = {
				ALWAYS_SEARCH_USER_PATHS = NO;
				CLANG_ANALYZER_NONNULL = YES;
				CLANG_ANALYZER_NUMBER_OBJECT_CONVERSION = YES_AGGRESSIVE;
				CLANG_CXX_LANGUAGE_STANDARD = "gnu++14";
				CLANG_CXX_LIBRARY = "libc++";
				CLANG_ENABLE_MODULES = YES;
				CLANG_ENABLE_OBJC_ARC = YES;
				CLANG_ENABLE_OBJC_WEAK = YES;
				CLANG_WARN_BLOCK_CAPTURE_AUTORELEASING = YES;
				CLANG_WARN_BOOL_CONVERSION = YES;
				CLANG_WARN_COMMA = YES;
				CLANG_WARN_CONSTANT_CONVERSION = YES;
				CLANG_WARN_DEPRECATED_OBJC_IMPLEMENTATIONS = YES;
				CLANG_WARN_DIRECT_OBJC_ISA_USAGE = YES_ERROR;
				CLANG_WARN_DOCUMENTATION_COMMENTS = YES;
				CLANG_WARN_EMPTY_BODY = YES;
				CLANG_WARN_ENUM_CONVERSION = YES;
				CLANG_WARN_INFINITE_RECURSION = YES;
				CLANG_WARN_INT_CONVERSION = YES;
				CLANG_WARN_NON_LITERAL_NULL_CONVERSION = YES;
				CLANG_WARN_OBJC_IMPLICIT_RETAIN_SELF = YES;
				CLANG_WARN_OBJC_LITERAL_CONVERSION = YES;
				CLANG_WARN_OBJC_ROOT_CLASS = YES_ERROR;
				CLANG_WARN_RANGE_LOOP_ANALYSIS = YES;
				CLANG_WARN_STRICT_PROTOTYPES = YES;
				CLANG_WARN_SUSPICIOUS_MOVE = YES;
				CLANG_WARN_UNGUARDED_AVAILABILITY = YES_AGGRESSIVE;
				CLANG_WARN_UNREACHABLE_CODE = YES;
				CLANG_WARN__DUPLICATE_METHOD_MATCH = YES;
				CODE_SIGN_IDENTITY = "iPhone Developer";
				COPY_PHASE_STRIP = NO;
				DEBUG_INFORMATION_FORMAT = "dwarf-with-dsym";
				ENABLE_NS_ASSERTIONS = NO;
				ENABLE_STRICT_OBJC_MSGSEND = YES;
				GCC_C_LANGUAGE_STANDARD = gnu11;
				GCC_NO_COMMON_BLOCKS = YES;
				GCC_WARN_64_TO_32_BIT_CONVERSION = YES;
				GCC_WARN_ABOUT_RETURN_TYPE = YES_ERROR;
				GCC_WARN_UNDECLARED_SELECTOR = YES;
				GCC_WARN_UNINITIALIZED_AUTOS = YES_AGGRESSIVE;
				GCC_WARN_UNUSED_FUNCTION = YES;
				GCC_WARN_UNUSED_VARIABLE = YES;
				IPHONEOS_DEPLOYMENT_TARGET = 11.4;
				MTL_ENABLE_DEBUG_INFO = NO;
				SDKROOT = iphoneos;
				SWIFT_COMPILATION_MODE = wholemodule;
				SWIFT_OPTIMIZATION_LEVEL = "-O";
				VALIDATE_PRODUCT = YES;
			};
			name = Release;
		};
		E89A7317213FB2D500BAD081 /* Debug */ = {
			isa = XCBuildConfiguration;
			baseConfigurationReference = BC0C54DCDD5AE4EEBC63AB30 /* Pods-AarambhPlus.debug.xcconfig */;
			buildSettings = {
				ASSETCATALOG_COMPILER_APPICON_NAME = AppIcon;
				CODE_SIGN_STYLE = Automatic;
				INFOPLIST_FILE = AarambhPlus/Info.plist;
				LD_RUNPATH_SEARCH_PATHS = (
					"$(inherited)",
					"@executable_path/Frameworks",
				);
				PRODUCT_BUNDLE_IDENTIFIER = com.sandev.AarambhPlus;
				PRODUCT_NAME = "$(TARGET_NAME)";
				SWIFT_VERSION = 4.0;
				TARGETED_DEVICE_FAMILY = "1,2";
			};
			name = Debug;
		};
		E89A7318213FB2D500BAD081 /* Release */ = {
			isa = XCBuildConfiguration;
			baseConfigurationReference = 88CD0D0E617EDDD6658C2824 /* Pods-AarambhPlus.release.xcconfig */;
			buildSettings = {
				ASSETCATALOG_COMPILER_APPICON_NAME = AppIcon;
				CODE_SIGN_STYLE = Automatic;
				INFOPLIST_FILE = AarambhPlus/Info.plist;
				LD_RUNPATH_SEARCH_PATHS = (
					"$(inherited)",
					"@executable_path/Frameworks",
				);
				PRODUCT_BUNDLE_IDENTIFIER = com.sandev.AarambhPlus;
				PRODUCT_NAME = "$(TARGET_NAME)";
				SWIFT_VERSION = 4.0;
				TARGETED_DEVICE_FAMILY = "1,2";
			};
			name = Release;
		};
		E89A731A213FB2D500BAD081 /* Debug */ = {
			isa = XCBuildConfiguration;
			buildSettings = {
				ALWAYS_EMBED_SWIFT_STANDARD_LIBRARIES = YES;
				BUNDLE_LOADER = "$(TEST_HOST)";
				CODE_SIGN_STYLE = Automatic;
				INFOPLIST_FILE = AarambhPlusTests/Info.plist;
				LD_RUNPATH_SEARCH_PATHS = (
					"$(inherited)",
					"@executable_path/Frameworks",
					"@loader_path/Frameworks",
				);
				PRODUCT_BUNDLE_IDENTIFIER = com.sandev.AarambhPlusTests;
				PRODUCT_NAME = "$(TARGET_NAME)";
				SWIFT_VERSION = 4.0;
				TARGETED_DEVICE_FAMILY = "1,2";
				TEST_HOST = "$(BUILT_PRODUCTS_DIR)/AarambhPlus.app/AarambhPlus";
			};
			name = Debug;
		};
		E89A731B213FB2D500BAD081 /* Release */ = {
			isa = XCBuildConfiguration;
			buildSettings = {
				ALWAYS_EMBED_SWIFT_STANDARD_LIBRARIES = YES;
				BUNDLE_LOADER = "$(TEST_HOST)";
				CODE_SIGN_STYLE = Automatic;
				INFOPLIST_FILE = AarambhPlusTests/Info.plist;
				LD_RUNPATH_SEARCH_PATHS = (
					"$(inherited)",
					"@executable_path/Frameworks",
					"@loader_path/Frameworks",
				);
				PRODUCT_BUNDLE_IDENTIFIER = com.sandev.AarambhPlusTests;
				PRODUCT_NAME = "$(TARGET_NAME)";
				SWIFT_VERSION = 4.0;
				TARGETED_DEVICE_FAMILY = "1,2";
				TEST_HOST = "$(BUILT_PRODUCTS_DIR)/AarambhPlus.app/AarambhPlus";
			};
			name = Release;
		};
		E89A731D213FB2D500BAD081 /* Debug */ = {
			isa = XCBuildConfiguration;
			buildSettings = {
				ALWAYS_EMBED_SWIFT_STANDARD_LIBRARIES = YES;
				CODE_SIGN_STYLE = Automatic;
				INFOPLIST_FILE = AarambhPlusUITests/Info.plist;
				LD_RUNPATH_SEARCH_PATHS = (
					"$(inherited)",
					"@executable_path/Frameworks",
					"@loader_path/Frameworks",
				);
				PRODUCT_BUNDLE_IDENTIFIER = com.sandev.AarambhPlusUITests;
				PRODUCT_NAME = "$(TARGET_NAME)";
				SWIFT_VERSION = 4.0;
				TARGETED_DEVICE_FAMILY = "1,2";
				TEST_TARGET_NAME = AarambhPlus;
			};
			name = Debug;
		};
		E89A731E213FB2D500BAD081 /* Release */ = {
			isa = XCBuildConfiguration;
			buildSettings = {
				ALWAYS_EMBED_SWIFT_STANDARD_LIBRARIES = YES;
				CODE_SIGN_STYLE = Automatic;
				INFOPLIST_FILE = AarambhPlusUITests/Info.plist;
				LD_RUNPATH_SEARCH_PATHS = (
					"$(inherited)",
					"@executable_path/Frameworks",
					"@loader_path/Frameworks",
				);
				PRODUCT_BUNDLE_IDENTIFIER = com.sandev.AarambhPlusUITests;
				PRODUCT_NAME = "$(TARGET_NAME)";
				SWIFT_VERSION = 4.0;
				TARGETED_DEVICE_FAMILY = "1,2";
				TEST_TARGET_NAME = AarambhPlus;
			};
			name = Release;
		};
/* End XCBuildConfiguration section */

/* Begin XCConfigurationList section */
		E89A72E9213FB2D200BAD081 /* Build configuration list for PBXProject "AarambhPlus" */ = {
			isa = XCConfigurationList;
			buildConfigurations = (
				E89A7314213FB2D500BAD081 /* Debug */,
				E89A7315213FB2D500BAD081 /* Release */,
			);
			defaultConfigurationIsVisible = 0;
			defaultConfigurationName = Release;
		};
		E89A7316213FB2D500BAD081 /* Build configuration list for PBXNativeTarget "AarambhPlus" */ = {
			isa = XCConfigurationList;
			buildConfigurations = (
				E89A7317213FB2D500BAD081 /* Debug */,
				E89A7318213FB2D500BAD081 /* Release */,
			);
			defaultConfigurationIsVisible = 0;
			defaultConfigurationName = Release;
		};
		E89A7319213FB2D500BAD081 /* Build configuration list for PBXNativeTarget "AarambhPlusTests" */ = {
			isa = XCConfigurationList;
			buildConfigurations = (
				E89A731A213FB2D500BAD081 /* Debug */,
				E89A731B213FB2D500BAD081 /* Release */,
			);
			defaultConfigurationIsVisible = 0;
			defaultConfigurationName = Release;
		};
		E89A731C213FB2D500BAD081 /* Build configuration list for PBXNativeTarget "AarambhPlusUITests" */ = {
			isa = XCConfigurationList;
			buildConfigurations = (
				E89A731D213FB2D500BAD081 /* Debug */,
				E89A731E213FB2D500BAD081 /* Release */,
			);
			defaultConfigurationIsVisible = 0;
			defaultConfigurationName = Release;
		};
/* End XCConfigurationList section */
	};
	rootObject = E89A72E6213FB2D200BAD081 /* Project object */;
}
